
Microsoft Visual Studio Solution File, Format Version 12.00
# Visual Studio Version 16
VisualStudioVersion = 16.0.30413.136
MinimumVisualStudioVersion = 10.0.40219.1
Project("{9A19103F-16F7-4668-BE54-9A1E7A4F7556}") = "Tasks.API", "Tasks.API\Tasks.API.csproj", "{A470FECD-F28A-4D64-87CB-FE8B209A5FCA}"
	ProjectSection(ProjectDependencies) = postProject
		{A0053002-A25F-4E89-9F91-F08CB7BBD9E8} = {A0053002-A25F-4E89-9F91-F08CB7BBD9E8}
		{C5AFE4AA-0939-4D50-8FD7-640A25B39609} = {C5AFE4AA-0939-4D50-8FD7-640A25B39609}
	EndProjectSection
EndProject
Project("{FAE04EC0-301F-11D3-BF4B-00C04F79EFBC}") = "Tasks.Domain", "Tasks.Domain\Tasks.Domain.csproj", "{A0053002-A25F-4E89-9F91-F08CB7BBD9E8}"
EndProject
Project("{FAE04EC0-301F-11D3-BF4B-00C04F79EFBC}") = "Tasks.Infrastructure", "Tasks.Infrastructure\Tasks.Infrastructure.csproj", "{C5AFE4AA-0939-4D50-8FD7-640A25B39609}"
	ProjectSection(ProjectDependencies) = postProject
		{A0053002-A25F-4E89-9F91-F08CB7BBD9E8} = {A0053002-A25F-4E89-9F91-F08CB7BBD9E8}
	EndProjectSection
EndProject
Global
	GlobalSection(SolutionConfigurationPlatforms) = preSolution
		Debug|Any CPU = Debug|Any CPU
		Release|Any CPU = Release|Any CPU
	EndGlobalSection
	GlobalSection(ProjectConfigurationPlatforms) = postSolution
		{A470FECD-F28A-4D64-87CB-FE8B209A5FCA}.Debug|Any CPU.ActiveCfg = Debug|Any CPU
		{A470FECD-F28A-4D64-87CB-FE8B209A5FCA}.Debug|Any CPU.Build.0 = Debug|Any CPU
		{A470FECD-F28A-4D64-87CB-FE8B209A5FCA}.Release|Any CPU.ActiveCfg = Release|Any CPU
		{A470FECD-F28A-4D64-87CB-FE8B209A5FCA}.Release|Any CPU.Build.0 = Release|Any CPU
		{A0053002-A25F-4E89-9F91-F08CB7BBD9E8}.Debug|Any CPU.ActiveCfg = Debug|Any CPU
		{A0053002-A25F-4E89-9F91-F08CB7BBD9E8}.Debug|Any CPU.Build.0 = Debug|Any CPU
		{A0053002-A25F-4E89-9F91-F08CB7BBD9E8}.Release|Any CPU.ActiveCfg = Release|Any CPU
		{A0053002-A25F-4E89-9F91-F08CB7BBD9E8}.Release|Any CPU.Build.0 = Release|Any CPU
		{C5AFE4AA-0939-4D50-8FD7-640A25B39609}.Debug|Any CPU.ActiveCfg = Debug|Any CPU
		{C5AFE4AA-0939-4D50-8FD7-640A25B39609}.Debug|Any CPU.Build.0 = Debug|Any CPU
		{C5AFE4AA-0939-4D50-8FD7-640A25B39609}.Release|Any CPU.ActiveCfg = Release|Any CPU
		{C5AFE4AA-0939-4D50-8FD7-640A25B39609}.Release|Any CPU.Build.0 = Release|Any CPU
	EndGlobalSection
	GlobalSection(SolutionProperties) = preSolution
		HideSolutionNode = FALSE
	EndGlobalSection
	GlobalSection(ExtensibilityGlobals) = postSolution
		SolutionGuid = {32317B70-5EF8-4C3D-BAB4-393A11BE4E41}
	EndGlobalSection
EndGlobal
